
Microsoft Visual Studio Solution File, Format Version 12.00
# Visual Studio Version 16
VisualStudioVersion = 16.0.28809.33
MinimumVisualStudioVersion = 10.0.40219.1
Project("{8BC9CEB8-8B4A-11D0-8D11-00A0C91BC942}") = "OpenDotGL", "OpenDotGL.vcxproj", "{C6948DB3-E41F-466B-88A5-6724DAB5DEE4}"
EndProject
Global
	GlobalSection(SolutionConfigurationPlatforms) = preSolution
		Debug|x64 = Debug|x64
		Debug|x86 = Debug|x86
		Release|x64 = Release|x64
		Release|x86 = Release|x86
		Sanity Check|x64 = Sanity Check|x64
		Sanity Check|x86 = Sanity Check|x86
	EndGlobalSection
	GlobalSection(ProjectConfigurationPlatforms) = postSolution
		{C6948DB3-E41F-466B-88A5-6724DAB5DEE4}.Debug|x64.ActiveCfg = Debug|x64
		{C6948DB3-E41F-466B-88A5-6724DAB5DEE4}.Debug|x64.Build.0 = Debug|x64
		{C6948DB3-E41F-466B-88A5-6724DAB5DEE4}.Debug|x86.ActiveCfg = Debug|Win32
		{C6948DB3-E41F-466B-88A5-6724DAB5DEE4}.Debug|x86.Build.0 = Debug|Win32
		{C6948DB3-E41F-466B-88A5-6724DAB5DEE4}.Release|x64.ActiveCfg = Release|x64
		{C6948DB3-E41F-466B-88A5-6724DAB5DEE4}.Release|x64.Build.0 = Release|x64
		{C6948DB3-E41F-466B-88A5-6724DAB5DEE4}.Release|x86.ActiveCfg = Release|Win32
		{C6948DB3-E41F-466B-88A5-6724DAB5DEE4}.Release|x86.Build.0 = Release|Win32
		{C6948DB3-E41F-466B-88A5-6724DAB5DEE4}.Sanity Check|x64.ActiveCfg = Sanity Check|Win32
		{C6948DB3-E41F-466B-88A5-6724DAB5DEE4}.Sanity Check|x86.ActiveCfg = Debug|Win32
		{C6948DB3-E41F-466B-88A5-6724DAB5DEE4}.Sanity Check|x86.Build.0 = Debug|Win32
	EndGlobalSection
	GlobalSection(SolutionProperties) = preSolution
		HideSolutionNode = FALSE
	EndGlobalSection
	GlobalSection(ExtensibilityGlobals) = postSolution
		SolutionGuid = {8A8E0010-8B18-49E9-9A4D-4AD6E0CD1E87}
	EndGlobalSection
EndGlobal
